// !$*UTF8*$!
{
	archiveVersion = 1;
	classes = {
	};
	objectVersion = 55;
	objects = {

/* Begin PBXBuildFile section */
		6189701127246540004FD292 /* MenuView.swift in Sources */ = {isa = PBXBuildFile; fileRef = 618970102724653F004FD292 /* MenuView.swift */; };
		6189701327246595004FD292 /* LightData.swift in Sources */ = {isa = PBXBuildFile; fileRef = 6189701227246595004FD292 /* LightData.swift */; };
		6189701527247268004FD292 /* MessageView.swift in Sources */ = {isa = PBXBuildFile; fileRef = 6189701427247268004FD292 /* MessageView.swift */; };
		61897017272472C6004FD292 /* ContentView.swift in Sources */ = {isa = PBXBuildFile; fileRef = 61897016272472C6004FD292 /* ContentView.swift */; };
		618970192724793E004FD292 /* SettingsView.swift in Sources */ = {isa = PBXBuildFile; fileRef = 618970182724793E004FD292 /* SettingsView.swift */; };
		6189701B27248006004FD292 /* MessageData.swift in Sources */ = {isa = PBXBuildFile; fileRef = 6189701A27248006004FD292 /* MessageData.swift */; };
		6189701D2724810B004FD292 /* MessageFieldView.swift in Sources */ = {isa = PBXBuildFile; fileRef = 6189701C2724810B004FD292 /* MessageFieldView.swift */; };
		61E02950271AE7D7007DDE07 /* LightsApp.swift in Sources */ = {isa = PBXBuildFile; fileRef = 61E0294F271AE7D7007DDE07 /* LightsApp.swift */; };
		61E02952271AE7D7007DDE07 /* FaderView.swift in Sources */ = {isa = PBXBuildFile; fileRef = 61E02951271AE7D7007DDE07 /* FaderView.swift */; };
		61E02954271AE7DC007DDE07 /* Assets.xcassets in Resources */ = {isa = PBXBuildFile; fileRef = 61E02953271AE7DC007DDE07 /* Assets.xcassets */; };
		61E02957271AE7DC007DDE07 /* Preview Assets.xcassets in Resources */ = {isa = PBXBuildFile; fileRef = 61E02956271AE7DC007DDE07 /* Preview Assets.xcassets */; };
		61E0295E271B453F007DDE07 /* CursorView.swift in Sources */ = {isa = PBXBuildFile; fileRef = 61E0295D271B453F007DDE07 /* CursorView.swift */; };
		61E02964271B7088007DDE07 /* Light.swift in Sources */ = {isa = PBXBuildFile; fileRef = 61E02963271B7087007DDE07 /* Light.swift */; };
/* End PBXBuildFile section */

/* Begin PBXFileReference section */
		618970102724653F004FD292 /* MenuView.swift */ = {isa = PBXFileReference; lastKnownFileType = sourcecode.swift; path = MenuView.swift; sourceTree = "<group>"; };
		6189701227246595004FD292 /* LightData.swift */ = {isa = PBXFileReference; lastKnownFileType = sourcecode.swift; path = LightData.swift; sourceTree = "<group>"; };
		6189701427247268004FD292 /* MessageView.swift */ = {isa = PBXFileReference; lastKnownFileType = sourcecode.swift; path = MessageView.swift; sourceTree = "<group>"; };
		61897016272472C6004FD292 /* ContentView.swift */ = {isa = PBXFileReference; lastKnownFileType = sourcecode.swift; path = ContentView.swift; sourceTree = "<group>"; };
		618970182724793E004FD292 /* SettingsView.swift */ = {isa = PBXFileReference; lastKnownFileType = sourcecode.swift; path = SettingsView.swift; sourceTree = "<group>"; };
		6189701A27248006004FD292 /* MessageData.swift */ = {isa = PBXFileReference; lastKnownFileType = sourcecode.swift; path = MessageData.swift; sourceTree = "<group>"; };
		6189701C2724810B004FD292 /* MessageFieldView.swift */ = {isa = PBXFileReference; lastKnownFileType = sourcecode.swift; path = MessageFieldView.swift; sourceTree = "<group>"; };
		61E0294C271AE7D7007DDE07 /* Lights.app */ = {isa = PBXFileReference; explicitFileType = wrapper.application; includeInIndex = 0; path = Lights.app; sourceTree = BUILT_PRODUCTS_DIR; };
		61E0294F271AE7D7007DDE07 /* LightsApp.swift */ = {isa = PBXFileReference; lastKnownFileType = sourcecode.swift; path = LightsApp.swift; sourceTree = "<group>"; };
		61E02951271AE7D7007DDE07 /* FaderView.swift */ = {isa = PBXFileReference; lastKnownFileType = sourcecode.swift; path = FaderView.swift; sourceTree = "<group>"; };
		61E02953271AE7DC007DDE07 /* Assets.xcassets */ = {isa = PBXFileReference; lastKnownFileType = folder.assetcatalog; path = Assets.xcassets; sourceTree = "<group>"; };
		61E02956271AE7DC007DDE07 /* Preview Assets.xcassets */ = {isa = PBXFileReference; lastKnownFileType = folder.assetcatalog; path = "Preview Assets.xcassets"; sourceTree = "<group>"; };
		61E0295D271B453F007DDE07 /* CursorView.swift */ = {isa = PBXFileReference; lastKnownFileType = sourcecode.swift; path = CursorView.swift; sourceTree = "<group>"; };
		61E02963271B7087007DDE07 /* Light.swift */ = {isa = PBXFileReference; lastKnownFileType = sourcecode.swift; path = Light.swift; sourceTree = "<group>"; };
/* End PBXFileReference section */

/* Begin PBXFrameworksBuildPhase section */
		61E02949271AE7D7007DDE07 /* Frameworks */ = {
			isa = PBXFrameworksBuildPhase;
			buildActionMask = 2147483647;
			files = (
			);
			runOnlyForDeploymentPostprocessing = 0;
		};
/* End PBXFrameworksBuildPhase section */

/* Begin PBXGroup section */
		61E02943271AE7D7007DDE07 = {
			isa = PBXGroup;
			children = (
				61E0294E271AE7D7007DDE07 /* Lights */,
				61E0294D271AE7D7007DDE07 /* Products */,
			);
			sourceTree = "<group>";
		};
		61E0294D271AE7D7007DDE07 /* Products */ = {
			isa = PBXGroup;
			children = (
				61E0294C271AE7D7007DDE07 /* Lights.app */,
			);
			name = Products;
			sourceTree = "<group>";
		};
		61E0294E271AE7D7007DDE07 /* Lights */ = {
			isa = PBXGroup;
			children = (
				61E0294F271AE7D7007DDE07 /* LightsApp.swift */,
				61E02963271B7087007DDE07 /* Light.swift */,
				61E02951271AE7D7007DDE07 /* FaderView.swift */,
				61897016272472C6004FD292 /* ContentView.swift */,
				618970182724793E004FD292 /* SettingsView.swift */,
				6189701427247268004FD292 /* MessageView.swift */,
				6189701C2724810B004FD292 /* MessageFieldView.swift */,
				6189701A27248006004FD292 /* MessageData.swift */,
				61E0295D271B453F007DDE07 /* CursorView.swift */,
				618970102724653F004FD292 /* MenuView.swift */,
				6189701227246595004FD292 /* LightData.swift */,
				61E02953271AE7DC007DDE07 /* Assets.xcassets */,
				61E02955271AE7DC007DDE07 /* Preview Content */,
			);
			path = Lights;
			sourceTree = "<group>";
		};
		61E02955271AE7DC007DDE07 /* Preview Content */ = {
			isa = PBXGroup;
			children = (
				61E02956271AE7DC007DDE07 /* Preview Assets.xcassets */,
			);
			path = "Preview Content";
			sourceTree = "<group>";
		};
/* End PBXGroup section */

/* Begin PBXNativeTarget section */
		61E0294B271AE7D7007DDE07 /* Lights */ = {
			isa = PBXNativeTarget;
			buildConfigurationList = 61E0295A271AE7DC007DDE07 /* Build configuration list for PBXNativeTarget "Lights" */;
			buildPhases = (
				61E02948271AE7D7007DDE07 /* Sources */,
				61E02949271AE7D7007DDE07 /* Frameworks */,
				61E0294A271AE7D7007DDE07 /* Resources */,
			);
			buildRules = (
			);
			dependencies = (
			);
			name = Lights;
			productName = Lights;
			productReference = 61E0294C271AE7D7007DDE07 /* Lights.app */;
			productType = "com.apple.product-type.application";
		};
/* End PBXNativeTarget section */

/* Begin PBXProject section */
		61E02944271AE7D7007DDE07 /* Project object */ = {
			isa = PBXProject;
			attributes = {
				BuildIndependentTargetsInParallel = 1;
				LastSwiftUpdateCheck = 1300;
				LastUpgradeCheck = 1300;
				TargetAttributes = {
					61E0294B271AE7D7007DDE07 = {
						CreatedOnToolsVersion = 13.0;
					};
				};
			};
			buildConfigurationList = 61E02947271AE7D7007DDE07 /* Build configuration list for PBXProject "Lights" */;
			compatibilityVersion = "Xcode 13.0";
			developmentRegion = en;
			hasScannedForEncodings = 0;
			knownRegions = (
				en,
				Base,
			);
			mainGroup = 61E02943271AE7D7007DDE07;
			productRefGroup = 61E0294D271AE7D7007DDE07 /* Products */;
			projectDirPath = "";
			projectRoot = "";
			targets = (
				61E0294B271AE7D7007DDE07 /* Lights */,
			);
		};
/* End PBXProject section */

/* Begin PBXResourcesBuildPhase section */
		61E0294A271AE7D7007DDE07 /* Resources */ = {
			isa = PBXResourcesBuildPhase;
			buildActionMask = 2147483647;
			files = (
				61E02957271AE7DC007DDE07 /* Preview Assets.xcassets in Resources */,
				61E02954271AE7DC007DDE07 /* Assets.xcassets in Resources */,
			);
			runOnlyForDeploymentPostprocessing = 0;
		};
/* End PBXResourcesBuildPhase section */

/* Begin PBXSourcesBuildPhase section */
		61E02948271AE7D7007DDE07 /* Sources */ = {
			isa = PBXSourcesBuildPhase;
			buildActionMask = 2147483647;
			files = (
				6189701127246540004FD292 /* MenuView.swift in Sources */,
				6189701327246595004FD292 /* LightData.swift in Sources */,
				6189701D2724810B004FD292 /* MessageFieldView.swift in Sources */,
				61897017272472C6004FD292 /* ContentView.swift in Sources */,
				618970192724793E004FD292 /* SettingsView.swift in Sources */,
				61E02952271AE7D7007DDE07 /* FaderView.swift in Sources */,
				6189701B27248006004FD292 /* MessageData.swift in Sources */,
				61E02950271AE7D7007DDE07 /* LightsApp.swift in Sources */,
				61E02964271B7088007DDE07 /* Light.swift in Sources */,
				6189701527247268004FD292 /* MessageView.swift in Sources */,
				61E0295E271B453F007DDE07 /* CursorView.swift in Sources */,
			);
			runOnlyForDeploymentPostprocessing = 0;
		};
/* End PBXSourcesBuildPhase section */

/* Begin XCBuildConfiguration section */
		61E02958271AE7DC007DDE07 /* Debug */ = {
			isa = XCBuildConfiguration;
			buildSettings = {
				ALWAYS_SEARCH_USER_PATHS = NO;
				CLANG_ANALYZER_NONNULL = YES;
				CLANG_ANALYZER_NUMBER_OBJECT_CONVERSION = YES_AGGRESSIVE;
				CLANG_CXX_LANGUAGE_STANDARD = "gnu++17";
				CLANG_CXX_LIBRARY = "libc++";
				CLANG_ENABLE_MODULES = YES;
				CLANG_ENABLE_OBJC_ARC = YES;
				CLANG_ENABLE_OBJC_WEAK = YES;
				CLANG_WARN_BLOCK_CAPTURE_AUTORELEASING = YES;
				CLANG_WARN_BOOL_CONVERSION = YES;
				CLANG_WARN_COMMA = YES;
				CLANG_WARN_CONSTANT_CONVERSION = YES;
				CLANG_WARN_DEPRECATED_OBJC_IMPLEMENTATIONS = YES;
				CLANG_WARN_DIRECT_OBJC_ISA_USAGE = YES_ERROR;
				CLANG_WARN_DOCUMENTATION_COMMENTS = YES;
				CLANG_WARN_EMPTY_BODY = YES;
				CLANG_WARN_ENUM_CONVERSION = YES;
				CLANG_WARN_INFINITE_RECURSION = YES;
				CLANG_WARN_INT_CONVERSION = YES;
				CLANG_WARN_NON_LITERAL_NULL_CONVERSION = YES;
				CLANG_WARN_OBJC_IMPLICIT_RETAIN_SELF = YES;
				CLANG_WARN_OBJC_LITERAL_CONVERSION = YES;
				CLANG_WARN_OBJC_ROOT_CLASS = YES_ERROR;
				CLANG_WARN_QUOTED_INCLUDE_IN_FRAMEWORK_HEADER = YES;
				CLANG_WARN_RANGE_LOOP_ANALYSIS = YES;
				CLANG_WARN_STRICT_PROTOTYPES = YES;
				CLANG_WARN_SUSPICIOUS_MOVE = YES;
				CLANG_WARN_UNGUARDED_AVAILABILITY = YES_AGGRESSIVE;
				CLANG_WARN_UNREACHABLE_CODE = YES;
				CLANG_WARN__DUPLICATE_METHOD_MATCH = YES;
				COPY_PHASE_STRIP = NO;
				DEBUG_INFORMATION_FORMAT = dwarf;
				ENABLE_STRICT_OBJC_MSGSEND = YES;
				ENABLE_TESTABILITY = YES;
				GCC_C_LANGUAGE_STANDARD = gnu11;
				GCC_DYNAMIC_NO_PIC = NO;
				GCC_NO_COMMON_BLOCKS = YES;
				GCC_OPTIMIZATION_LEVEL = 0;
				GCC_PREPROCESSOR_DEFINITIONS = (
					"DEBUG=1",
					"$(inherited)",
				);
				GCC_WARN_64_TO_32_BIT_CONVERSION = YES;
				GCC_WARN_ABOUT_RETURN_TYPE = YES_ERROR;
				GCC_WARN_UNDECLARED_SELECTOR = YES;
				GCC_WARN_UNINITIALIZED_AUTOS = YES_AGGRESSIVE;
				GCC_WARN_UNUSED_FUNCTION = YES;
				GCC_WARN_UNUSED_VARIABLE = YES;
				IPHONEOS_DEPLOYMENT_TARGET = 15.0;
				MTL_ENABLE_DEBUG_INFO = INCLUDE_SOURCE;
				MTL_FAST_MATH = YES;
				ONLY_ACTIVE_ARCH = YES;
				SDKROOT = iphoneos;
				SWIFT_ACTIVE_COMPILATION_CONDITIONS = DEBUG;
				SWIFT_OPTIMIZATION_LEVEL = "-Onone";
			};
			name = Debug;
		};
		61E02959271AE7DC007DDE07 /* Release */ = {
			isa = XCBuildConfiguration;
			buildSettings = {
				ALWAYS_SEARCH_USER_PATHS = NO;
				CLANG_ANALYZER_NONNULL = YES;
				CLANG_ANALYZER_NUMBER_OBJECT_CONVERSION = YES_AGGRESSIVE;
				CLANG_CXX_LANGUAGE_STANDARD = "gnu++17";
				CLANG_CXX_LIBRARY = "libc++";
				CLANG_ENABLE_MODULES = YES;
				CLANG_ENABLE_OBJC_ARC = YES;
				CLANG_ENABLE_OBJC_WEAK = YES;
				CLANG_WARN_BLOCK_CAPTURE_AUTORELEASING = YES;
				CLANG_WARN_BOOL_CONVERSION = YES;
				CLANG_WARN_COMMA = YES;
				CLANG_WARN_CONSTANT_CONVERSION = YES;
				CLANG_WARN_DEPRECATED_OBJC_IMPLEMENTATIONS = YES;
				CLANG_WARN_DIRECT_OBJC_ISA_USAGE = YES_ERROR;
				CLANG_WARN_DOCUMENTATION_COMMENTS = YES;
				CLANG_WARN_EMPTY_BODY = YES;
				CLANG_WARN_ENUM_CONVERSION = YES;
				CLANG_WARN_INFINITE_RECURSION = YES;
				CLANG_WARN_INT_CONVERSION = YES;
				CLANG_WARN_NON_LITERAL_NULL_CONVERSION = YES;
				CLANG_WARN_OBJC_IMPLICIT_RETAIN_SELF = YES;
				CLANG_WARN_OBJC_LITERAL_CONVERSION = YES;
				CLANG_WARN_OBJC_ROOT_CLASS = YES_ERROR;
				CLANG_WARN_QUOTED_INCLUDE_IN_FRAMEWORK_HEADER = YES;
				CLANG_WARN_RANGE_LOOP_ANALYSIS = YES;
				CLANG_WARN_STRICT_PROTOTYPES = YES;
				CLANG_WARN_SUSPICIOUS_MOVE = YES;
				CLANG_WARN_UNGUARDED_AVAILABILITY = YES_AGGRESSIVE;
				CLANG_WARN_UNREACHABLE_CODE = YES;
				CLANG_WARN__DUPLICATE_METHOD_MATCH = YES;
				COPY_PHASE_STRIP = NO;
				DEBUG_INFORMATION_FORMAT = "dwarf-with-dsym";
				ENABLE_NS_ASSERTIONS = NO;
				ENABLE_STRICT_OBJC_MSGSEND = YES;
				GCC_C_LANGUAGE_STANDARD = gnu11;
				GCC_NO_COMMON_BLOCKS = YES;
				GCC_WARN_64_TO_32_BIT_CONVERSION = YES;
				GCC_WARN_ABOUT_RETURN_TYPE = YES_ERROR;
				GCC_WARN_UNDECLARED_SELECTOR = YES;
				GCC_WARN_UNINITIALIZED_AUTOS = YES_AGGRESSIVE;
				GCC_WARN_UNUSED_FUNCTION = YES;
				GCC_WARN_UNUSED_VARIABLE = YES;
				IPHONEOS_DEPLOYMENT_TARGET = 15.0;
				MTL_ENABLE_DEBUG_INFO = NO;
				MTL_FAST_MATH = YES;
				SDKROOT = iphoneos;
				SWIFT_COMPILATION_MODE = wholemodule;
				SWIFT_OPTIMIZATION_LEVEL = "-O";
				VALIDATE_PRODUCT = YES;
			};
			name = Release;
		};
		61E0295B271AE7DC007DDE07 /* Debug */ = {
			isa = XCBuildConfiguration;
			buildSettings = {
				ASSETCATALOG_COMPILER_APPICON_NAME = AppIcon;
				ASSETCATALOG_COMPILER_GLOBAL_ACCENT_COLOR_NAME = AccentColor;
				CODE_SIGN_STYLE = Automatic;
				CURRENT_PROJECT_VERSION = 1;
				DEVELOPMENT_ASSET_PATHS = "\"Lights/Preview Content\"";
				DEVELOPMENT_TEAM = 5SF57WWKCK;
				ENABLE_PREVIEWS = YES;
				GENERATE_INFOPLIST_FILE = YES;
				INFOPLIST_FILE = Lights/Info.plist;
				INFOPLIST_KEY_LSApplicationCategoryType = "";
				INFOPLIST_KEY_NSCameraUsageDescription = "Big brother is watching :)  (only for accessing the torch)";
				INFOPLIST_KEY_UIApplicationSceneManifest_Generation = YES;
				INFOPLIST_KEY_UIApplicationSupportsIndirectInputEvents = YES;
				INFOPLIST_KEY_UILaunchScreen_Generation = YES;
				INFOPLIST_KEY_UISupportedInterfaceOrientations = UIInterfaceOrientationPortrait;
				INFOPLIST_KEY_UISupportedInterfaceOrientations_iPad = "UIInterfaceOrientationPortrait UIInterfaceOrientationPortraitUpsideDown UIInterfaceOrientationLandscapeLeft UIInterfaceOrientationLandscapeRight";
				INFOPLIST_KEY_UISupportedInterfaceOrientations_iPhone = "UIInterfaceOrientationPortrait UIInterfaceOrientationPortraitUpsideDown";
				IPHONEOS_DEPLOYMENT_TARGET = 14.0;
				LD_RUNPATH_SEARCH_PATHS = (
					"$(inherited)",
					"@executable_path/Frameworks",
				);
				MARKETING_VERSION = 1.0;
				PRODUCT_BUNDLE_IDENTIFIER = SHANNAX.Lights;
				PRODUCT_NAME = "$(TARGET_NAME)";
				SWIFT_EMIT_LOC_STRINGS = YES;
				SWIFT_VERSION = 5.0;
				TARGETED_DEVICE_FAMILY = "1,2";
			};
			name = Debug;
		};
		61E0295C271AE7DC007DDE07 /* Release */ = {
			isa = XCBuildConfiguration;
			buildSettings = {
				ASSETCATALOG_COMPILER_APPICON_NAME = AppIcon;
				ASSETCATALOG_COMPILER_GLOBAL_ACCENT_COLOR_NAME = AccentColor;
				CODE_SIGN_STYLE = Automatic;
				CURRENT_PROJECT_VERSION = 1;
				DEVELOPMENT_ASSET_PATHS = "\"Lights/Preview Content\"";
				DEVELOPMENT_TEAM = 5SF57WWKCK;
				ENABLE_PREVIEWS = YES;
				GENERATE_INFOPLIST_FILE = YES;
				INFOPLIST_FILE = Lights/Info.plist;
				INFOPLIST_KEY_LSApplicationCategoryType = "";
				INFOPLIST_KEY_NSCameraUsageDescription = "Big brother is watching :)  (only for accessing the torch)";
				INFOPLIST_KEY_UIApplicationSceneManifest_Generation = YES;
				INFOPLIST_KEY_UIApplicationSupportsIndirectInputEvents = YES;
				INFOPLIST_KEY_UILaunchScreen_Generation = YES;
				INFOPLIST_KEY_UISupportedInterfaceOrientations = UIInterfaceOrientationPortrait;
				INFOPLIST_KEY_UISupportedInterfaceOrientations_iPad = "UIInterfaceOrientationPortrait UIInterfaceOrientationPortraitUpsideDown UIInterfaceOrientationLandscapeLeft UIInterfaceOrientationLandscapeRight";
				INFOPLIST_KEY_UISupportedInterfaceOrientations_iPhone = "UIInterfaceOrientationPortrait UIInterfaceOrientationPortraitUpsideDown";
				IPHONEOS_DEPLOYMENT_TARGET = 14.0;
				LD_RUNPATH_SEARCH_PATHS = (
					"$(inherited)",
					"@executable_path/Frameworks",
				);
				MARKETING_VERSION = 1.0;
				PRODUCT_BUNDLE_IDENTIFIER = SHANNAX.Lights;
				PRODUCT_NAME = "$(TARGET_NAME)";
				SWIFT_EMIT_LOC_STRINGS = YES;
				SWIFT_VERSION = 5.0;
				TARGETED_DEVICE_FAMILY = "1,2";
			};
			name = Release;
		};
/* End XCBuildConfiguration section */

/* Begin XCConfigurationList section */
		61E02947271AE7D7007DDE07 /* Build configuration list for PBXProject "Lights" */ = {
			isa = XCConfigurationList;
			buildConfigurations = (
				61E02958271AE7DC007DDE07 /* Debug */,
				61E02959271AE7DC007DDE07 /* Release */,
			);
			defaultConfigurationIsVisible = 0;
			defaultConfigurationName = Release;
		};
		61E0295A271AE7DC007DDE07 /* Build configuration list for PBXNativeTarget "Lights" */ = {
			isa = XCConfigurationList;
			buildConfigurations = (
				61E0295B271AE7DC007DDE07 /* Debug */,
				61E0295C271AE7DC007DDE07 /* Release */,
			);
			defaultConfigurationIsVisible = 0;
			defaultConfigurationName = Release;
		};
/* End XCConfigurationList section */
	};
	rootObject = 61E02944271AE7D7007DDE07 /* Project object */;
}
